Microsoft Visual Studio Solution File, Format Version 12.00
# Visual Studio 15
VisualStudioVersion = 15.0.28010.2050
MinimumVisualStudioVersion = 10.0.40219.1
Project("{FAE04EC0-301F-11D3-BF4B-00C04F79EFBC}") = "ACT", "ACT\ACT.csproj", "{D53CC59A-BB70-4E34-96A9-E517511038AA}"
EndProject
Project("{2150E333-8FDC-42A3-9474-1A3956D46DE8}") = "Solution Items", "Solution Items", "{2EB3BA78-A71A-4F67-9B81-4E981AAE9CE6}"
	ProjectSection(SolutionItems) = preProject
		ACT\resources\ACT-OnlineHelpRetrievalUser.pdf = ACT\resources\ACT-OnlineHelpRetrievalUser.pdf
		ACT\resources\ACT-OnlineHelpUpdateBiology.pdf = ACT\resources\ACT-OnlineHelpUpdateBiology.pdf
		ACT\resources\ACT-OnlineHelpUpdateProduction.pdf = ACT\resources\ACT-OnlineHelpUpdateProduction.pdf
		act.key = act.key
		ACT\resources\Bayer.ico = ACT\resources\Bayer.ico
		ACT\resources\Bayer.jpg = ACT\resources\Bayer.jpg
		ACT\resources\bcs_logo.gif = ACT\resources\bcs_logo.gif
		ACT\configuration\Configuration.xml = ACT\configuration\Configuration.xml
		DotfuscateCommonDll.xml = DotfuscateCommonDll.xml
		ACT\resources\kornfeld.jpg = ACT\resources\kornfeld.jpg
		ACT\configuration\log4net.xml = ACT\configuration\log4net.xml
		ACT\resources\Logo.jpg = ACT\resources\Logo.jpg
	EndProjectSection
EndProject
Project("{FAE04EC0-301F-11D3-BF4B-00C04F79EFBC}") = "ACTWeb", "ACTWeb\ACTWeb.csproj", "{6D5B1C52-457F-41A3-AD99-60EEAB5547EF}"
EndProject
Project("{FAE04EC0-301F-11D3-BF4B-00C04F79EFBC}") = "ListOfValues", "ListOfValues\ListOfValues.csproj", "{B3029539-1A08-4C18-ADE2-761268AD2121}"
EndProject
Project("{FAE04EC0-301F-11D3-BF4B-00C04F79EFBC}") = "ErrorHandling", "ErrorHandling\ErrorHandling.csproj", "{1BC2C67D-06A8-4AB1-A715-9E3D099647DE}"
EndProject
Project("{FAE04EC0-301F-11D3-BF4B-00C04F79EFBC}") = "DbAccess", "DbAccess\DbAccess.csproj", "{615B6CCF-6FF7-45DC-A3CB-184E318B9EBF}"
EndProject
Project("{FAE04EC0-301F-11D3-BF4B-00C04F79EFBC}") = "TreeMenu", "TreeMenu\TreeMenu.csproj", "{67102788-3FEB-446C-91E7-595F3BFFF6D7}"
EndProject
Project("{FAE04EC0-301F-11D3-BF4B-00C04F79EFBC}") = "Log4NetWrapper", "Log4NetWrapper\Log4NetWrapper.csproj", "{A57809D8-224D-4693-B064-7A06F64C0ECE}"
EndProject
Project("{FAE04EC0-301F-11D3-BF4B-00C04F79EFBC}") = "Encryption", "Encryption\Encryption.csproj", "{D738398D-E9C9-4412-84F4-FF9B42ADB333}"
EndProject
Global
	GlobalSection(SolutionConfigurationPlatforms) = preSolution
		Debug|Any CPU = Debug|Any CPU
		Debug|Mixed Platforms = Debug|Mixed Platforms
		Debug|Win32 = Debug|Win32
		Debug|x64 = Debug|x64
		Debug|x86 = Debug|x86
		Release|Any CPU = Release|Any CPU
		Release|Mixed Platforms = Release|Mixed Platforms
		Release|Win32 = Release|Win32
		Release|x64 = Release|x64
		Release|x86 = Release|x86
	EndGlobalSection
	GlobalSection(ProjectConfigurationPlatforms) = postSolution
		{D53CC59A-BB70-4E34-96A9-E517511038AA}.Debug|Any CPU.ActiveCfg = Debug|Any CPU
		{D53CC59A-BB70-4E34-96A9-E517511038AA}.Debug|Any CPU.Build.0 = Debug|Any CPU
		{D53CC59A-BB70-4E34-96A9-E517511038AA}.Debug|Mixed Platforms.ActiveCfg = Debug|Any CPU
		{D53CC59A-BB70-4E34-96A9-E517511038AA}.Debug|Mixed Platforms.Build.0 = Debug|Any CPU
		{D53CC59A-BB70-4E34-96A9-E517511038AA}.Debug|Win32.ActiveCfg = Debug|Any CPU
		{D53CC59A-BB70-4E34-96A9-E517511038AA}.Debug|x64.ActiveCfg = Debug|x64
		{D53CC59A-BB70-4E34-96A9-E517511038AA}.Debug|x64.Build.0 = Debug|x64
		{D53CC59A-BB70-4E34-96A9-E517511038AA}.Debug|x86.ActiveCfg = Debug|Any CPU
		{D53CC59A-BB70-4E34-96A9-E517511038AA}.Debug|x86.Build.0 = Debug|Any CPU
		{D53CC59A-BB70-4E34-96A9-E517511038AA}.Release|Any CPU.ActiveCfg = Release|Any CPU
		{D53CC59A-BB70-4E34-96A9-E517511038AA}.Release|Any CPU.Build.0 = Release|Any CPU
		{D53CC59A-BB70-4E34-96A9-E517511038AA}.Release|Mixed Platforms.ActiveCfg = Release|Any CPU
		{D53CC59A-BB70-4E34-96A9-E517511038AA}.Release|Mixed Platforms.Build.0 = Release|Any CPU
		{D53CC59A-BB70-4E34-96A9-E517511038AA}.Release|Win32.ActiveCfg = Release|Any CPU
		{D53CC59A-BB70-4E34-96A9-E517511038AA}.Release|x64.ActiveCfg = Release|x64
		{D53CC59A-BB70-4E34-96A9-E517511038AA}.Release|x64.Build.0 = Release|x64
		{D53CC59A-BB70-4E34-96A9-E517511038AA}.Release|x86.ActiveCfg = Release|x86
		{D53CC59A-BB70-4E34-96A9-E517511038AA}.Release|x86.Build.0 = Release|x86
		{6D5B1C52-457F-41A3-AD99-60EEAB5547EF}.Debug|Any CPU.ActiveCfg = Debug|Any CPU
		{6D5B1C52-457F-41A3-AD99-60EEAB5547EF}.Debug|Any CPU.Build.0 = Debug|Any CPU
		{6D5B1C52-457F-41A3-AD99-60EEAB5547EF}.Debug|Mixed Platforms.ActiveCfg = Debug|Any CPU
		{6D5B1C52-457F-41A3-AD99-60EEAB5547EF}.Debug|Mixed Platforms.Build.0 = Debug|Any CPU
		{6D5B1C52-457F-41A3-AD99-60EEAB5547EF}.Debug|Win32.ActiveCfg = Debug|Any CPU
		{6D5B1C52-457F-41A3-AD99-60EEAB5547EF}.Debug|x64.ActiveCfg = Debug|x64
		{6D5B1C52-457F-41A3-AD99-60EEAB5547EF}.Debug|x64.Build.0 = Debug|x64
		{6D5B1C52-457F-41A3-AD99-60EEAB5547EF}.Debug|x86.ActiveCfg = Debug|Any CPU
		{6D5B1C52-457F-41A3-AD99-60EEAB5547EF}.Debug|x86.Build.0 = Debug|Any CPU
		{6D5B1C52-457F-41A3-AD99-60EEAB5547EF}.Release|Any CPU.ActiveCfg = Release|Any CPU
		{6D5B1C52-457F-41A3-AD99-60EEAB5547EF}.Release|Any CPU.Build.0 = Release|Any CPU
		{6D5B1C52-457F-41A3-AD99-60EEAB5547EF}.Release|Mixed Platforms.ActiveCfg = Release|Any CPU
		{6D5B1C52-457F-41A3-AD99-60EEAB5547EF}.Release|Mixed Platforms.Build.0 = Release|Any CPU
		{6D5B1C52-457F-41A3-AD99-60EEAB5547EF}.Release|Win32.ActiveCfg = Release|Any CPU
		{6D5B1C52-457F-41A3-AD99-60EEAB5547EF}.Release|x64.ActiveCfg = Release|x64
		{6D5B1C52-457F-41A3-AD99-60EEAB5547EF}.Release|x64.Build.0 = Release|x64
		{6D5B1C52-457F-41A3-AD99-60EEAB5547EF}.Release|x86.ActiveCfg = Release|x86
		{6D5B1C52-457F-41A3-AD99-60EEAB5547EF}.Release|x86.Build.0 = Release|x86
		{B3029539-1A08-4C18-ADE2-761268AD2121}.Debug|Any CPU.ActiveCfg = Debug|Any CPU
		{B3029539-1A08-4C18-ADE2-761268AD2121}.Debug|Any CPU.Build.0 = Debug|Any CPU
		{B3029539-1A08-4C18-ADE2-761268AD2121}.Debug|Mixed Platforms.ActiveCfg = Debug|Any CPU
		{B3029539-1A08-4C18-ADE2-761268AD2121}.Debug|Mixed Platforms.Build.0 = Debug|Any CPU
		{B3029539-1A08-4C18-ADE2-761268AD2121}.Debug|Win32.ActiveCfg = Debug|Any CPU
		{B3029539-1A08-4C18-ADE2-761268AD2121}.Debug|x64.ActiveCfg = Debug|x64
		{B3029539-1A08-4C18-ADE2-761268AD2121}.Debug|x64.Build.0 = Debug|x64
		{B3029539-1A08-4C18-ADE2-761268AD2121}.Debug|x86.ActiveCfg = Debug|Any CPU
		{B3029539-1A08-4C18-ADE2-761268AD2121}.Debug|x86.Build.0 = Debug|Any CPU
		{B3029539-1A08-4C18-ADE2-761268AD2121}.Release|Any CPU.ActiveCfg = Release|Any CPU
		{B3029539-1A08-4C18-ADE2-761268AD2121}.Release|Any CPU.Build.0 = Release|Any CPU
		{B3029539-1A08-4C18-ADE2-761268AD2121}.Release|Mixed Platforms.ActiveCfg = Release|Any CPU
		{B3029539-1A08-4C18-ADE2-761268AD2121}.Release|Mixed Platforms.Build.0 = Release|Any CPU
		{B3029539-1A08-4C18-ADE2-761268AD2121}.Release|Win32.ActiveCfg = Release|Any CPU
		{B3029539-1A08-4C18-ADE2-761268AD2121}.Release|x64.ActiveCfg = Release|x64
		{B3029539-1A08-4C18-ADE2-761268AD2121}.Release|x64.Build.0 = Release|x64
		{B3029539-1A08-4C18-ADE2-761268AD2121}.Release|x86.ActiveCfg = Release|x86
		{B3029539-1A08-4C18-ADE2-761268AD2121}.Release|x86.Build.0 = Release|x86
		{1BC2C67D-06A8-4AB1-A715-9E3D099647DE}.Debug|Any CPU.ActiveCfg = Debug|Any CPU
		{1BC2C67D-06A8-4AB1-A715-9E3D099647DE}.Debug|Any CPU.Build.0 = Debug|Any CPU
		{1BC2C67D-06A8-4AB1-A715-9E3D099647DE}.Debug|Mixed Platforms.ActiveCfg = Debug|Any CPU
		{1BC2C67D-06A8-4AB1-A715-9E3D099647DE}.Debug|Mixed Platforms.Build.0 = Debug|Any CPU
		{1BC2C67D-06A8-4AB1-A715-9E3D099647DE}.Debug|Win32.ActiveCfg = Debug|Any CPU
		{1BC2C67D-06A8-4AB1-A715-9E3D099647DE}.Debug|x64.ActiveCfg = Debug|x64
		{1BC2C67D-06A8-4AB1-A715-9E3D099647DE}.Debug|x64.Build.0 = Debug|x64
		{1BC2C67D-06A8-4AB1-A715-9E3D099647DE}.Debug|x86.ActiveCfg = Debug|Any CPU
		{1BC2C67D-06A8-4AB1-A715-9E3D099647DE}.Debug|x86.Build.0 = Debug|Any CPU
		{1BC2C67D-06A8-4AB1-A715-9E3D099647DE}.Release|Any CPU.ActiveCfg = Release|Any CPU
		{1BC2C67D-06A8-4AB1-A715-9E3D099647DE}.Release|Any CPU.Build.0 = Release|Any CPU
		{1BC2C67D-06A8-4AB1-A715-9E3D099647DE}.Release|Mixed Platforms.ActiveCfg = Release|Any CPU
		{1BC2C67D-06A8-4AB1-A715-9E3D099647DE}.Release|Mixed Platforms.Build.0 = Release|Any CPU
		{1BC2C67D-06A8-4AB1-A715-9E3D099647DE}.Release|Win32.ActiveCfg = Release|Any CPU
		{1BC2C67D-06A8-4AB1-A715-9E3D099647DE}.Release|x64.ActiveCfg = Release|x64
		{1BC2C67D-06A8-4AB1-A715-9E3D099647DE}.Release|x64.Build.0 = Release|x64
		{1BC2C67D-06A8-4AB1-A715-9E3D099647DE}.Release|x86.ActiveCfg = Release|x86
		{1BC2C67D-06A8-4AB1-A715-9E3D099647DE}.Release|x86.Build.0 = Release|x86
		{615B6CCF-6FF7-45DC-A3CB-184E318B9EBF}.Debug|Any CPU.ActiveCfg = Debug|Any CPU
		{615B6CCF-6FF7-45DC-A3CB-184E318B9EBF}.Debug|Any CPU.Build.0 = Debug|Any CPU
		{615B6CCF-6FF7-45DC-A3CB-184E318B9EBF}.Debug|Mixed Platforms.ActiveCfg = Debug|Any CPU
		{615B6CCF-6FF7-45DC-A3CB-184E318B9EBF}.Debug|Mixed Platforms.Build.0 = Debug|Any CPU
		{615B6CCF-6FF7-45DC-A3CB-184E318B9EBF}.Debug|Win32.ActiveCfg = Debug|Any CPU
		{615B6CCF-6FF7-45DC-A3CB-184E318B9EBF}.Debug|x64.ActiveCfg = Debug|Any CPU
		{615B6CCF-6FF7-45DC-A3CB-184E318B9EBF}.Debug|x64.Build.0 = Debug|Any CPU
		{615B6CCF-6FF7-45DC-A3CB-184E318B9EBF}.Debug|x86.ActiveCfg = Debug|Any CPU
		{615B6CCF-6FF7-45DC-A3CB-184E318B9EBF}.Debug|x86.Build.0 = Debug|Any CPU
		{615B6CCF-6FF7-45DC-A3CB-184E318B9EBF}.Release|Any CPU.ActiveCfg = Release|Any CPU
		{615B6CCF-6FF7-45DC-A3CB-184E318B9EBF}.Release|Any CPU.Build.0 = Release|Any CPU
		{615B6CCF-6FF7-45DC-A3CB-184E318B9EBF}.Release|Mixed Platforms.ActiveCfg = Release|Any CPU
		{615B6CCF-6FF7-45DC-A3CB-184E318B9EBF}.Release|Mixed Platforms.Build.0 = Release|Any CPU
		{615B6CCF-6FF7-45DC-A3CB-184E318B9EBF}.Release|Win32.ActiveCfg = Release|Any CPU
		{615B6CCF-6FF7-45DC-A3CB-184E318B9EBF}.Release|x64.ActiveCfg = Release|Any CPU
		{615B6CCF-6FF7-45DC-A3CB-184E318B9EBF}.Release|x64.Build.0 = Release|Any CPU
		{615B6CCF-6FF7-45DC-A3CB-184E318B9EBF}.Release|x86.ActiveCfg = Release|x86
		{615B6CCF-6FF7-45DC-A3CB-184E318B9EBF}.Release|x86.Build.0 = Release|x86
		{67102788-3FEB-446C-91E7-595F3BFFF6D7}.Debug|Any CPU.ActiveCfg = Debug|Any CPU
		{67102788-3FEB-446C-91E7-595F3BFFF6D7}.Debug|Any CPU.Build.0 = Debug|Any CPU
		{67102788-3FEB-446C-91E7-595F3BFFF6D7}.Debug|Mixed Platforms.ActiveCfg = Debug|Any CPU
		{67102788-3FEB-446C-91E7-595F3BFFF6D7}.Debug|Mixed Platforms.Build.0 = Debug|Any CPU
		{67102788-3FEB-446C-91E7-595F3BFFF6D7}.Debug|Win32.ActiveCfg = Debug|Any CPU
		{67102788-3FEB-446C-91E7-595F3BFFF6D7}.Debug|x64.ActiveCfg = Debug|x64
		{67102788-3FEB-446C-91E7-595F3BFFF6D7}.Debug|x64.Build.0 = Debug|x64
		{67102788-3FEB-446C-91E7-595F3BFFF6D7}.Debug|x86.ActiveCfg = Debug|Any CPU
		{67102788-3FEB-446C-91E7-595F3BFFF6D7}.Debug|x86.Build.0 = Debug|Any CPU
		{67102788-3FEB-446C-91E7-595F3BFFF6D7}.Release|Any CPU.ActiveCfg = Release|Any CPU
		{67102788-3FEB-446C-91E7-595F3BFFF6D7}.Release|Any CPU.Build.0 = Release|Any CPU
		{67102788-3FEB-446C-91E7-595F3BFFF6D7}.Release|Mixed Platforms.ActiveCfg = Release|Any CPU
		{67102788-3FEB-446C-91E7-595F3BFFF6D7}.Release|Mixed Platforms.Build.0 = Release|Any CPU
		{67102788-3FEB-446C-91E7-595F3BFFF6D7}.Release|Win32.ActiveCfg = Release|Any CPU
		{67102788-3FEB-446C-91E7-595F3BFFF6D7}.Release|x64.ActiveCfg = Release|x64
		{67102788-3FEB-446C-91E7-595F3BFFF6D7}.Release|x64.Build.0 = Release|x64
		{67102788-3FEB-446C-91E7-595F3BFFF6D7}.Release|x86.ActiveCfg = Release|x86
		{67102788-3FEB-446C-91E7-595F3BFFF6D7}.Release|x86.Build.0 = Release|x86
		{A57809D8-224D-4693-B064-7A06F64C0ECE}.Debug|Any CPU.ActiveCfg = Debug|Any CPU
		{A57809D8-224D-4693-B064-7A06F64C0ECE}.Debug|Any CPU.Build.0 = Debug|Any CPU
		{A57809D8-224D-4693-B064-7A06F64C0ECE}.Debug|Mixed Platforms.ActiveCfg = Debug|Any CPU
		{A57809D8-224D-4693-B064-7A06F64C0ECE}.Debug|Mixed Platforms.Build.0 = Debug|Any CPU
		{A57809D8-224D-4693-B064-7A06F64C0ECE}.Debug|Win32.ActiveCfg = Debug|Any CPU
		{A57809D8-224D-4693-B064-7A06F64C0ECE}.Debug|x64.ActiveCfg = Debug|x64
		{A57809D8-224D-4693-B064-7A06F64C0ECE}.Debug|x64.Build.0 = Debug|x64
		{A57809D8-224D-4693-B064-7A06F64C0ECE}.Debug|x86.ActiveCfg = Debug|Any CPU
		{A57809D8-224D-4693-B064-7A06F64C0ECE}.Debug|x86.Build.0 = Debug|Any CPU
		{A57809D8-224D-4693-B064-7A06F64C0ECE}.Release|Any CPU.ActiveCfg = Release|Any CPU
		{A57809D8-224D-4693-B064-7A06F64C0ECE}.Release|Any CPU.Build.0 = Release|Any CPU
		{A57809D8-224D-4693-B064-7A06F64C0ECE}.Release|Mixed Platforms.ActiveCfg = Release|Any CPU
		{A57809D8-224D-4693-B064-7A06F64C0ECE}.Release|Mixed Platforms.Build.0 = Release|Any CPU
		{A57809D8-224D-4693-B064-7A06F64C0ECE}.Release|Win32.ActiveCfg = Release|Any CPU
		{A57809D8-224D-4693-B064-7A06F64C0ECE}.Release|x64.ActiveCfg = Release|x64
		{A57809D8-224D-4693-B064-7A06F64C0ECE}.Release|x64.Build.0 = Release|x64
		{A57809D8-224D-4693-B064-7A06F64C0ECE}.Release|x86.ActiveCfg = Release|x86
		{A57809D8-224D-4693-B064-7A06F64C0ECE}.Release|x86.Build.0 = Release|x86
		{D738398D-E9C9-4412-84F4-FF9B42ADB333}.Debug|Any CPU.ActiveCfg = Debug|Any CPU
		{D738398D-E9C9-4412-84F4-FF9B42ADB333}.Debug|Any CPU.Build.0 = Debug|Any CPU
		{D738398D-E9C9-4412-84F4-FF9B42ADB333}.Debug|Mixed Platforms.ActiveCfg = Debug|Any CPU
		{D738398D-E9C9-4412-84F4-FF9B42ADB333}.Debug|Mixed Platforms.Build.0 = Debug|Any CPU
		{D738398D-E9C9-4412-84F4-FF9B42ADB333}.Debug|Win32.ActiveCfg = Debug|Any CPU
		{D738398D-E9C9-4412-84F4-FF9B42ADB333}.Debug|x64.ActiveCfg = Debug|x64
		{D738398D-E9C9-4412-84F4-FF9B42ADB333}.Debug|x64.Build.0 = Debug|x64
		{D738398D-E9C9-4412-84F4-FF9B42ADB333}.Debug|x86.ActiveCfg = Debug|Any CPU
		{D738398D-E9C9-4412-84F4-FF9B42ADB333}.Debug|x86.Build.0 = Debug|Any CPU
		{D738398D-E9C9-4412-84F4-FF9B42ADB333}.Release|Any CPU.ActiveCfg = Release|Any CPU
		{D738398D-E9C9-4412-84F4-FF9B42ADB333}.Release|Any CPU.Build.0 = Release|Any CPU
		{D738398D-E9C9-4412-84F4-FF9B42ADB333}.Release|Mixed Platforms.ActiveCfg = Release|Any CPU
		{D738398D-E9C9-4412-84F4-FF9B42ADB333}.Release|Mixed Platforms.Build.0 = Release|Any CPU
		{D738398D-E9C9-4412-84F4-FF9B42ADB333}.Release|Win32.ActiveCfg = Release|Any CPU
		{D738398D-E9C9-4412-84F4-FF9B42ADB333}.Release|x64.ActiveCfg = Release|x64
		{D738398D-E9C9-4412-84F4-FF9B42ADB333}.Release|x64.Build.0 = Release|x64
		{D738398D-E9C9-4412-84F4-FF9B42ADB333}.Release|x86.ActiveCfg = Release|x86
		{D738398D-E9C9-4412-84F4-FF9B42ADB333}.Release|x86.Build.0 = Release|x86
	EndGlobalSection
	GlobalSection(SolutionProperties) = preSolution
		HideSolutionNode = FALSE
	EndGlobalSection
	GlobalSection(ExtensibilityGlobals) = postSolution
		SolutionGuid = {85CEF9D3-7B0C-40E4-82C9-D71B2D6784D6}
	EndGlobalSection
EndGlobal
