Microsoft Visual Studio Solution File, Format Version 8.00
Project("{FAE04EC0-301F-11D3-BF4B-00C04F79EFBC}") = "DatenImport", "DatenImport\DatenImport.csproj", "{427E12F8-3963-4D5C-A799-1AECB1573234}"
	ProjectSection(ProjectDependencies) = postProject
	EndProjectSection
EndProject
Global
	GlobalSection(SourceCodeControl) = preSolution
		SccNumberOfProjects = 2
		SccLocalPath0 = .
		CanCheckoutShared = false
		SolutionUniqueID = {A3446B32-6C16-4B32-AFAD-782BFCA33F4E}
		SccProjectUniqueName1 = DatenImport\\DatenImport.csproj
		SccLocalPath1 = .
		CanCheckoutShared = false
		SccProjectFilePathRelativizedFromConnection1 = DatenImport\\
	EndGlobalSection
	GlobalSection(SolutionConfiguration) = preSolution
		Debug = Debug
		Release = Release
	EndGlobalSection
	GlobalSection(ProjectConfiguration) = postSolution
		{427E12F8-3963-4D5C-A799-1AECB1573234}.Debug.ActiveCfg = Debug|.NET
		{427E12F8-3963-4D5C-A799-1AECB1573234}.Debug.Build.0 = Debug|.NET
		{427E12F8-3963-4D5C-A799-1AECB1573234}.Release.ActiveCfg = Release|.NET
		{427E12F8-3963-4D5C-A799-1AECB1573234}.Release.Build.0 = Release|.NET
	EndGlobalSection
	GlobalSection(SolutionItems) = postSolution
		DatenImport\configuration\log4net.xml = DatenImport\configuration\log4net.xml
	EndGlobalSection
	GlobalSection(ExtensibilityGlobals) = postSolution
	EndGlobalSection
	GlobalSection(ExtensibilityAddIns) = postSolution
	EndGlobalSection
EndGlobal
